
Microsoft Visual Studio Solution File, Format Version 12.00
# Visual Studio Version 16
VisualStudioVersion = 16.0.34114.132
MinimumVisualStudioVersion = 10.0.40219.1
Project("{FAE04EC0-301F-11D3-BF4B-00C04F79EFBC}") = "Toko Bangunan Watumas Jaya", "Toko Bangunan Watumas Jaya\Toko Bangunan Watumas Jaya.csproj", "{67133128-A5A9-44A8-86FE-8A2DAFD0D8F0}"
EndProject
Global
	GlobalSection(SolutionConfigurationPlatforms) = preSolution
		Debug|Any CPU = Debug|Any CPU
		Release|Any CPU = Release|Any CPU
	EndGlobalSection
	GlobalSection(ProjectConfigurationPlatforms) = postSolution
		{67133128-A5A9-44A8-86FE-8A2DAFD0D8F0}.Debug|Any CPU.ActiveCfg = Debug|Any CPU
		{67133128-A5A9-44A8-86FE-8A2DAFD0D8F0}.Debug|Any CPU.Build.0 = Debug|Any CPU
		{67133128-A5A9-44A8-86FE-8A2DAFD0D8F0}.Release|Any CPU.ActiveCfg = Release|Any CPU
		{67133128-A5A9-44A8-86FE-8A2DAFD0D8F0}.Release|Any CPU.Build.0 = Release|Any CPU
	EndGlobalSection
	GlobalSection(SolutionProperties) = preSolution
		HideSolutionNode = FALSE
	EndGlobalSection
	GlobalSection(ExtensibilityGlobals) = postSolution
		SolutionGuid = {7B98281E-BCAA-473C-B6DD-D5F1D25A7F49}
	EndGlobalSection
EndGlobal
